
Microsoft Visual Studio Solution File, Format Version 12.00
Project("{FAE04EC0-301F-11D3-BF4B-00C04F79EFBC}") = "delegates", "delegates\delegates.csproj", "{936A6403-AE62-4681-A57F-B69728F3166D}"
EndProject
Project("{FAE04EC0-301F-11D3-BF4B-00C04F79EFBC}") = "tuples", "tuples\tuples.csproj", "{AA66160D-20F5-4001-BE74-5C06D53D3857}"
EndProject
Global
	GlobalSection(SolutionConfigurationPlatforms) = preSolution
		Debug|Any CPU = Debug|Any CPU
		Release|Any CPU = Release|Any CPU
	EndGlobalSection
	GlobalSection(ProjectConfigurationPlatforms) = postSolution
		{936A6403-AE62-4681-A57F-B69728F3166D}.Debug|Any CPU.ActiveCfg = Debug|Any CPU
		{936A6403-AE62-4681-A57F-B69728F3166D}.Debug|Any CPU.Build.0 = Debug|Any CPU
		{936A6403-AE62-4681-A57F-B69728F3166D}.Release|Any CPU.ActiveCfg = Release|Any CPU
		{936A6403-AE62-4681-A57F-B69728F3166D}.Release|Any CPU.Build.0 = Release|Any CPU
		{AA66160D-20F5-4001-BE74-5C06D53D3857}.Debug|Any CPU.ActiveCfg = Debug|Any CPU
		{AA66160D-20F5-4001-BE74-5C06D53D3857}.Debug|Any CPU.Build.0 = Debug|Any CPU
		{AA66160D-20F5-4001-BE74-5C06D53D3857}.Release|Any CPU.ActiveCfg = Release|Any CPU
		{AA66160D-20F5-4001-BE74-5C06D53D3857}.Release|Any CPU.Build.0 = Release|Any CPU
	EndGlobalSection
EndGlobal
